
Microsoft Visual Studio Solution File, Format Version 12.00
# Visual Studio 2013
VisualStudioVersion = 12.0.30501.0
MinimumVisualStudioVersion = 10.0.40219.1
Project("{FAE04EC0-301F-11D3-BF4B-00C04F79EFBC}") = "SalaryCheck", "SalaryCheck\SalaryCheck.csproj", "{CDCF3A69-856A-41D3-B984-0ECA442DEA0F}"
EndProject
Project("{FAE04EC0-301F-11D3-BF4B-00C04F79EFBC}") = "EmployeeLibrary", "EmployeeLibrary\EmployeeLibrary.csproj", "{7CE7B468-C64B-43A1-A034-0C0AC25E7E0F}"
EndProject
Project("{FAE04EC0-301F-11D3-BF4B-00C04F79EFBC}") = "MathLibrary", "MathLibrary\MathLibrary.csproj", "{45197EA1-FACE-415A-99F3-8CC837A94844}"
EndProject
Global
	GlobalSection(SolutionConfigurationPlatforms) = preSolution
		Debug|Any CPU = Debug|Any CPU
		Release|Any CPU = Release|Any CPU
	EndGlobalSection
	GlobalSection(ProjectConfigurationPlatforms) = postSolution
		{CDCF3A69-856A-41D3-B984-0ECA442DEA0F}.Debug|Any CPU.ActiveCfg = Debug|Any CPU
		{CDCF3A69-856A-41D3-B984-0ECA442DEA0F}.Debug|Any CPU.Build.0 = Debug|Any CPU
		{CDCF3A69-856A-41D3-B984-0ECA442DEA0F}.Release|Any CPU.ActiveCfg = Release|Any CPU
		{CDCF3A69-856A-41D3-B984-0ECA442DEA0F}.Release|Any CPU.Build.0 = Release|Any CPU
		{7CE7B468-C64B-43A1-A034-0C0AC25E7E0F}.Debug|Any CPU.ActiveCfg = Debug|Any CPU
		{7CE7B468-C64B-43A1-A034-0C0AC25E7E0F}.Debug|Any CPU.Build.0 = Debug|Any CPU
		{7CE7B468-C64B-43A1-A034-0C0AC25E7E0F}.Release|Any CPU.ActiveCfg = Release|Any CPU
		{7CE7B468-C64B-43A1-A034-0C0AC25E7E0F}.Release|Any CPU.Build.0 = Release|Any CPU
		{45197EA1-FACE-415A-99F3-8CC837A94844}.Debug|Any CPU.ActiveCfg = Debug|Any CPU
		{45197EA1-FACE-415A-99F3-8CC837A94844}.Debug|Any CPU.Build.0 = Debug|Any CPU
		{45197EA1-FACE-415A-99F3-8CC837A94844}.Release|Any CPU.ActiveCfg = Release|Any CPU
		{45197EA1-FACE-415A-99F3-8CC837A94844}.Release|Any CPU.Build.0 = Release|Any CPU
	EndGlobalSection
	GlobalSection(SolutionProperties) = preSolution
		HideSolutionNode = FALSE
	EndGlobalSection
EndGlobal
